
Microsoft Visual Studio Solution File, Format Version 12.00
# Visual Studio Version 17
VisualStudioVersion = 17.7.34031.279
MinimumVisualStudioVersion = 10.0.40219.1
Project("{FAE04EC0-301F-11D3-BF4B-00C04F79EFBC}") = "GCMemoryTest", "GCMemoryTest\GCMemoryTest.csproj", "{5285C34C-A245-49CE-B704-E7271A0FD981}"
EndProject
Global
	GlobalSection(SolutionConfigurationPlatforms) = preSolution
		Debug|Any CPU = Debug|Any CPU
		Release|Any CPU = Release|Any CPU
	EndGlobalSection
	GlobalSection(ProjectConfigurationPlatforms) = postSolution
		{5285C34C-A245-49CE-B704-E7271A0FD981}.Debug|Any CPU.ActiveCfg = Debug|Any CPU
		{5285C34C-A245-49CE-B704-E7271A0FD981}.Debug|Any CPU.Build.0 = Debug|Any CPU
		{5285C34C-A245-49CE-B704-E7271A0FD981}.Release|Any CPU.ActiveCfg = Release|Any CPU
		{5285C34C-A245-49CE-B704-E7271A0FD981}.Release|Any CPU.Build.0 = Release|Any CPU
	EndGlobalSection
	GlobalSection(SolutionProperties) = preSolution
		HideSolutionNode = FALSE
	EndGlobalSection
	GlobalSection(ExtensibilityGlobals) = postSolution
		SolutionGuid = {01FCC900-D655-4427-8C5A-895B3C3215D7}
	EndGlobalSection
EndGlobal
